github.com/linuxerwang/ar v0.1.0 h1:TPRwDTxSes1gWgSCMNLE4kIizdQfiANGBFqRYEtSUgk=
github.com/linuxerwang/ar v0.1.0/go.mod h1:1pcQFAw9mu32b1HPYP7DLR2eqm8/JQxvGHXxmbbsdC4=
github.com/linuxerwang/confish v0.1.0 h1:AA5it7NvLK9nZxmvHq07xGNNDLnUenGJyP2OPp7p/Z4=
github.com/linuxerwang/confish v0.1.0/go.mod h1:sVB1vCxGvMGXi8TmVeFkq7LyFwBhClHedVZZWbh7Zm8=
